<?xml version="1.0" encoding="UTF-8"?>
<Scheme
   LastUpgradeVersion = "2660"
   version = "1.7">
   <BuildAction
      parallelizeBuildables = "YES"
      buildImplicitDependencies = "YES"
      buildArchitectures = "Automatic">
      <BuildActionEntries>
         <BuildActionEntry
            buildForTesting = "YES"
            buildForRunning = "YES"
            buildForProfiling = "YES"
            buildForArchiving = "YES"
            buildForAnalyzing = "YES">
            <BuildableReference
               BuildableIdentifier = "primary"
               BlueprintIdentifier = "DC3D18F62FD3D533008F1CD0"
               BuildableName = "Bittern.app"
               BlueprintName = "Bittern"
               ReferencedContainer = "container:Bittern.xcodeproj">
            </BuildableReference>
         </BuildActionEntry>
      </BuildActionEntries>
   </BuildAction>
   <TestAction
      buildConfiguration = "Debug"
      selectedDebuggerIdentifier = "Xcode.DebuggerFoundation.Debugger.LLDB"
      selectedLauncherIdentifier = "Xcode.DebuggerFoundation.Launcher.LLDB"
      shouldUseLaunchSchemeArgsEnv = "YES"
      shouldAutocreateTestPlan = "YES">
   </TestAction>
   <LaunchAction
      buildConfiguration = "Debug"
      selectedDebuggerIdentifier = "Xcode.DebuggerFoundation.Debugger.LLDB"
      selectedLauncherIdentifier = "Xcode.DebuggerFoundation.Launcher.LLDB"
      launchStyle = "0"
      useCustomWorkingDirectory = "NO"
      ignoresPersistentStateOnLaunch = "NO"
      debugDocumentVersioning = "YES"
      debugServiceExtension = "internal"
      allowLocationSimulation = "YES"
      queueDebuggingEnableBacktraceRecording = "Yes">
      <BuildableProductRunnable
         runnableDebuggingMode = "0">
         <BuildableReference
            BuildableIdentifier = "primary"
            BlueprintIdentifier = "DC3D18F62FD3D533008F1CD0"
            BuildableName = "Bittern.app"
            BlueprintName = "Bittern"
            ReferencedContainer = "container:Bittern.xcodeproj">
         </BuildableReference>
      </BuildableProductRunnable>
      <EnvironmentVariables>
         <EnvironmentVariable
            key = "BITTERN_SNAPTRADE_CLIENT_ID"
            value = "PERS-JLNBN3H54WD3O64Y776H"
            isEnabled = "YES">
         </EnvironmentVariable>
         <EnvironmentVariable
            key = "BITTERN_SNAPTRADE_CONSUMER_KEY"
            value = "NWVx21PfZpx4EHk61aXqpoJkNAxRXjG4GcItiozrhLpjx1WIr3"
            isEnabled = "YES">
         </EnvironmentVariable>
         <EnvironmentVariable
            key = "BITTERN_SNAPTRADE_USER_ID"
            value = "bittern-personal-pers-jlnbn3h54wd3o64y776h"
            isEnabled = "YES">
         </EnvironmentVariable>
         <EnvironmentVariable
            key = "BITTERN_SNAPTRADE_USER_SECRET"
            value = "f6f7b6cd-d26f-4df0-9b5b-beebac87e218"
            isEnabled = "YES">
         </EnvironmentVariable>
      </EnvironmentVariables>
   </LaunchAction>
   <ProfileAction
      buildConfiguration = "Release"
      shouldUseLaunchSchemeArgsEnv = "YES"
      savedToolIdentifier = ""
      useCustomWorkingDirectory = "NO"
      debugDocumentVersioning = "YES">
      <BuildableProductRunnable
         runnableDebuggingMode = "0">
         <BuildableReference
            BuildableIdentifier = "primary"
            BlueprintIdentifier = "DC3D18F62FD3D533008F1CD0"
            BuildableName = "Bittern.app"
            BlueprintName = "Bittern"
            ReferencedContainer = "container:Bittern.xcodeproj">
         </BuildableReference>
      </BuildableProductRunnable>
   </ProfileAction>
   <AnalyzeAction
      buildConfiguration = "Debug">
   </AnalyzeAction>
   <ArchiveAction
      buildConfiguration = "Release"
      revealArchiveInOrganizer = "YES">
   </ArchiveAction>
</Scheme>
